
Microsoft Visual Studio Solution File, Format Version 12.00
# Visual Studio Version 16
VisualStudioVersion = 16.0.29418.71
MinimumVisualStudioVersion = 10.0.40219.1
Project("{FAE04EC0-301F-11D3-BF4B-00C04F79EFBC}") = "DelegateApp", "DelegateApp\DelegateApp.csproj", "{D856C137-5C44-4D97-A74C-D189817A3CCE}"
EndProject
Global
	GlobalSection(SolutionConfigurationPlatforms) = preSolution
		Debug|Any CPU = Debug|Any CPU
		Release|Any CPU = Release|Any CPU
	EndGlobalSection
	GlobalSection(ProjectConfigurationPlatforms) = postSolution
		{D856C137-5C44-4D97-A74C-D189817A3CCE}.Debug|Any CPU.ActiveCfg = Debug|Any CPU
		{D856C137-5C44-4D97-A74C-D189817A3CCE}.Debug|Any CPU.Build.0 = Debug|Any CPU
		{D856C137-5C44-4D97-A74C-D189817A3CCE}.Release|Any CPU.ActiveCfg = Release|Any CPU
		{D856C137-5C44-4D97-A74C-D189817A3CCE}.Release|Any CPU.Build.0 = Release|Any CPU
	EndGlobalSection
	GlobalSection(SolutionProperties) = preSolution
		HideSolutionNode = FALSE
	EndGlobalSection
	GlobalSection(ExtensibilityGlobals) = postSolution
		SolutionGuid = {5595FA17-062E-4BFD-B763-BD48165A9D74}
	EndGlobalSection
EndGlobal
